
Microsoft Visual Studio Solution File, Format Version 12.00
# Visual Studio Version 16
VisualStudioVersion = 16.0.29025.244
MinimumVisualStudioVersion = 10.0.40219.1
Project("{FAE04EC0-301F-11D3-BF4B-00C04F79EFBC}") = "Divvun.Installer", "Divvun.Installer\Divvun.Installer.csproj", "{B876899E-C40F-4D5A-84DE-8BF1B0064A28}"
	ProjectSection(ProjectDependencies) = postProject
		{D053DF20-5814-46D6-97B6-C59D590AA7C9} = {D053DF20-5814-46D6-97B6-C59D590AA7C9}
	EndProjectSection
EndProject
Global
	GlobalSection(SolutionConfigurationPlatforms) = preSolution
		Debug|Any CPU = Debug|Any CPU
		Debug|x86 = Debug|x86
		DebugMockRegistry|Any CPU = DebugMockRegistry|Any CPU
		DebugMockRegistry|x86 = DebugMockRegistry|x86
		Release|Any CPU = Release|Any CPU
		Release|x86 = Release|x86
	EndGlobalSection
	GlobalSection(ProjectConfigurationPlatforms) = postSolution
		{B876899E-C40F-4D5A-84DE-8BF1B0064A28}.Debug|Any CPU.ActiveCfg = Debug|Any CPU
		{B876899E-C40F-4D5A-84DE-8BF1B0064A28}.Debug|Any CPU.Build.0 = Debug|Any CPU
		{B876899E-C40F-4D5A-84DE-8BF1B0064A28}.Debug|x86.ActiveCfg = Debug|x86
		{B876899E-C40F-4D5A-84DE-8BF1B0064A28}.Debug|x86.Build.0 = Debug|x86
		{B876899E-C40F-4D5A-84DE-8BF1B0064A28}.DebugMockRegistry|Any CPU.ActiveCfg = DebugMockRegistry|Any CPU
		{B876899E-C40F-4D5A-84DE-8BF1B0064A28}.DebugMockRegistry|Any CPU.Build.0 = DebugMockRegistry|Any CPU
		{B876899E-C40F-4D5A-84DE-8BF1B0064A28}.DebugMockRegistry|x86.ActiveCfg = DebugMockRegistry|x86
		{B876899E-C40F-4D5A-84DE-8BF1B0064A28}.DebugMockRegistry|x86.Build.0 = DebugMockRegistry|x86
		{B876899E-C40F-4D5A-84DE-8BF1B0064A28}.Release|Any CPU.ActiveCfg = Release|Any CPU
		{B876899E-C40F-4D5A-84DE-8BF1B0064A28}.Release|Any CPU.Build.0 = Release|Any CPU
		{B876899E-C40F-4D5A-84DE-8BF1B0064A28}.Release|x86.ActiveCfg = Release|x86
		{B876899E-C40F-4D5A-84DE-8BF1B0064A28}.Release|x86.Build.0 = Release|x86
	EndGlobalSection
	GlobalSection(SolutionProperties) = preSolution
		HideSolutionNode = FALSE
	EndGlobalSection
	GlobalSection(ExtensibilityGlobals) = postSolution
		SolutionGuid = {B8ACDA7A-AD9D-491B-8CDE-1B0311411DD2}
	EndGlobalSection
EndGlobal
