
Microsoft Visual Studio Solution File, Format Version 12.00
# Visual Studio 15
VisualStudioVersion = 15.0.27130.2010
MinimumVisualStudioVersion = 10.0.40219.1
Project("{FAE04EC0-301F-11D3-BF4B-00C04F79EFBC}") = "Pahkat", "Pahkat\Pahkat.csproj", "{B876899E-C40F-4D5A-84DE-8BF1B0064A28}"
EndProject
Project("{FAE04EC0-301F-11D3-BF4B-00C04F79EFBC}") = "Pahkat.Sdk", "Pahkat.Sdk\Pahkat.Sdk.csproj", "{57C50024-4C9E-4FF5-81D6-41F5E842F755}"
EndProject
Project("{FAE04EC0-301F-11D3-BF4B-00C04F79EFBC}") = "PahkatUpdater", "PahkatUpdater\PahkatUpdater.csproj", "{6DE19B31-C7A1-411E-9DA4-40421067F580}"
EndProject
Global
	GlobalSection(SolutionConfigurationPlatforms) = preSolution
		Debug|Any CPU = Debug|Any CPU
		Debug|x64 = Debug|x64
		Debug|x86 = Debug|x86
		DebugMockRegistry|Any CPU = DebugMockRegistry|Any CPU
		DebugMockRegistry|x64 = DebugMockRegistry|x64
		DebugMockRegistry|x86 = DebugMockRegistry|x86
		Release|Any CPU = Release|Any CPU
		Release|x64 = Release|x64
		Release|x86 = Release|x86
	EndGlobalSection
	GlobalSection(ProjectConfigurationPlatforms) = postSolution
		{B876899E-C40F-4D5A-84DE-8BF1B0064A28}.Debug|Any CPU.ActiveCfg = Debug|Any CPU
		{B876899E-C40F-4D5A-84DE-8BF1B0064A28}.Debug|Any CPU.Build.0 = Debug|Any CPU
		{B876899E-C40F-4D5A-84DE-8BF1B0064A28}.Debug|x64.ActiveCfg = Debug|x64
		{B876899E-C40F-4D5A-84DE-8BF1B0064A28}.Debug|x64.Build.0 = Debug|x64
		{B876899E-C40F-4D5A-84DE-8BF1B0064A28}.Debug|x86.ActiveCfg = Debug|x86
		{B876899E-C40F-4D5A-84DE-8BF1B0064A28}.Debug|x86.Build.0 = Debug|x86
		{B876899E-C40F-4D5A-84DE-8BF1B0064A28}.DebugMockRegistry|Any CPU.ActiveCfg = DebugMockRegistry|Any CPU
		{B876899E-C40F-4D5A-84DE-8BF1B0064A28}.DebugMockRegistry|Any CPU.Build.0 = DebugMockRegistry|Any CPU
		{B876899E-C40F-4D5A-84DE-8BF1B0064A28}.DebugMockRegistry|x64.ActiveCfg = DebugMockRegistry|x64
		{B876899E-C40F-4D5A-84DE-8BF1B0064A28}.DebugMockRegistry|x64.Build.0 = DebugMockRegistry|x64
		{B876899E-C40F-4D5A-84DE-8BF1B0064A28}.DebugMockRegistry|x86.ActiveCfg = DebugMockRegistry|x86
		{B876899E-C40F-4D5A-84DE-8BF1B0064A28}.DebugMockRegistry|x86.Build.0 = DebugMockRegistry|x86
		{B876899E-C40F-4D5A-84DE-8BF1B0064A28}.Release|Any CPU.ActiveCfg = Release|Any CPU
		{B876899E-C40F-4D5A-84DE-8BF1B0064A28}.Release|Any CPU.Build.0 = Release|Any CPU
		{B876899E-C40F-4D5A-84DE-8BF1B0064A28}.Release|x64.ActiveCfg = Release|x64
		{B876899E-C40F-4D5A-84DE-8BF1B0064A28}.Release|x64.Build.0 = Release|x64
		{B876899E-C40F-4D5A-84DE-8BF1B0064A28}.Release|x86.ActiveCfg = Release|x86
		{B876899E-C40F-4D5A-84DE-8BF1B0064A28}.Release|x86.Build.0 = Release|x86
		{57C50024-4C9E-4FF5-81D6-41F5E842F755}.Debug|Any CPU.ActiveCfg = Debug|Any CPU
		{57C50024-4C9E-4FF5-81D6-41F5E842F755}.Debug|Any CPU.Build.0 = Debug|Any CPU
		{57C50024-4C9E-4FF5-81D6-41F5E842F755}.Debug|x64.ActiveCfg = Debug|Any CPU
		{57C50024-4C9E-4FF5-81D6-41F5E842F755}.Debug|x64.Build.0 = Debug|Any CPU
		{57C50024-4C9E-4FF5-81D6-41F5E842F755}.Debug|x86.ActiveCfg = Debug|Any CPU
		{57C50024-4C9E-4FF5-81D6-41F5E842F755}.Debug|x86.Build.0 = Debug|Any CPU
		{57C50024-4C9E-4FF5-81D6-41F5E842F755}.DebugMockRegistry|Any CPU.ActiveCfg = Debug|Any CPU
		{57C50024-4C9E-4FF5-81D6-41F5E842F755}.DebugMockRegistry|Any CPU.Build.0 = Debug|Any CPU
		{57C50024-4C9E-4FF5-81D6-41F5E842F755}.DebugMockRegistry|x64.ActiveCfg = Debug|Any CPU
		{57C50024-4C9E-4FF5-81D6-41F5E842F755}.DebugMockRegistry|x64.Build.0 = Debug|Any CPU
		{57C50024-4C9E-4FF5-81D6-41F5E842F755}.DebugMockRegistry|x86.ActiveCfg = Debug|Any CPU
		{57C50024-4C9E-4FF5-81D6-41F5E842F755}.DebugMockRegistry|x86.Build.0 = Debug|Any CPU
		{57C50024-4C9E-4FF5-81D6-41F5E842F755}.Release|Any CPU.ActiveCfg = Release|Any CPU
		{57C50024-4C9E-4FF5-81D6-41F5E842F755}.Release|Any CPU.Build.0 = Release|Any CPU
		{57C50024-4C9E-4FF5-81D6-41F5E842F755}.Release|x64.ActiveCfg = Release|Any CPU
		{57C50024-4C9E-4FF5-81D6-41F5E842F755}.Release|x64.Build.0 = Release|Any CPU
		{57C50024-4C9E-4FF5-81D6-41F5E842F755}.Release|x86.ActiveCfg = Release|Any CPU
		{57C50024-4C9E-4FF5-81D6-41F5E842F755}.Release|x86.Build.0 = Release|Any CPU
		{6DE19B31-C7A1-411E-9DA4-40421067F580}.Debug|Any CPU.ActiveCfg = Debug|Any CPU
		{6DE19B31-C7A1-411E-9DA4-40421067F580}.Debug|Any CPU.Build.0 = Debug|Any CPU
		{6DE19B31-C7A1-411E-9DA4-40421067F580}.Debug|x64.ActiveCfg = Debug|Any CPU
		{6DE19B31-C7A1-411E-9DA4-40421067F580}.Debug|x64.Build.0 = Debug|Any CPU
		{6DE19B31-C7A1-411E-9DA4-40421067F580}.Debug|x86.ActiveCfg = Debug|x86
		{6DE19B31-C7A1-411E-9DA4-40421067F580}.Debug|x86.Build.0 = Debug|x86
		{6DE19B31-C7A1-411E-9DA4-40421067F580}.DebugMockRegistry|Any CPU.ActiveCfg = Debug|Any CPU
		{6DE19B31-C7A1-411E-9DA4-40421067F580}.DebugMockRegistry|Any CPU.Build.0 = Debug|Any CPU
		{6DE19B31-C7A1-411E-9DA4-40421067F580}.DebugMockRegistry|x64.ActiveCfg = Debug|Any CPU
		{6DE19B31-C7A1-411E-9DA4-40421067F580}.DebugMockRegistry|x64.Build.0 = Debug|Any CPU
		{6DE19B31-C7A1-411E-9DA4-40421067F580}.DebugMockRegistry|x86.ActiveCfg = Debug|x86
		{6DE19B31-C7A1-411E-9DA4-40421067F580}.DebugMockRegistry|x86.Build.0 = Debug|x86
		{6DE19B31-C7A1-411E-9DA4-40421067F580}.Release|Any CPU.ActiveCfg = Release|Any CPU
		{6DE19B31-C7A1-411E-9DA4-40421067F580}.Release|Any CPU.Build.0 = Release|Any CPU
		{6DE19B31-C7A1-411E-9DA4-40421067F580}.Release|x64.ActiveCfg = Release|Any CPU
		{6DE19B31-C7A1-411E-9DA4-40421067F580}.Release|x64.Build.0 = Release|Any CPU
		{6DE19B31-C7A1-411E-9DA4-40421067F580}.Release|x86.ActiveCfg = Release|x86
		{6DE19B31-C7A1-411E-9DA4-40421067F580}.Release|x86.Build.0 = Release|x86
	EndGlobalSection
	GlobalSection(SolutionProperties) = preSolution
		HideSolutionNode = FALSE
	EndGlobalSection
	GlobalSection(ExtensibilityGlobals) = postSolution
		SolutionGuid = {B8ACDA7A-AD9D-491B-8CDE-1B0311411DD2}
	EndGlobalSection
EndGlobal
